// !$*UTF8*$!
{
	archiveVersion = 1;
	classes = {
	};
	objectVersion = 46;
	objects = {

/* Begin PBXBuildFile section */
		B20267E01D4FC20B004182F1 /* TestVC.swift in Sources */ = {isa = PBXBuildFile; fileRef = B20267DE1D4FC20B004182F1 /* TestVC.swift */; };
		B20267E11D4FC20B004182F1 /* TestVC.xib in Resources */ = {isa = PBXBuildFile; fileRef = B20267DF1D4FC20B004182F1 /* TestVC.xib */; };
		B2753FA61D4F42E4005E9EDA /* AppDelegate.swift in Sources */ = {isa = PBXBuildFile; fileRef = B2753FA51D4F42E4005E9EDA /* AppDelegate.swift */; };
		B2753FAB1D4F42E4005E9EDA /* Main.storyboard in Resources */ = {isa = PBXBuildFile; fileRef = B2753FA91D4F42E4005E9EDA /* Main.storyboard */; };
		B2753FAD1D4F42E4005E9EDA /* Assets.xcassets in Resources */ = {isa = PBXBuildFile; fileRef = B2753FAC1D4F42E4005E9EDA /* Assets.xcassets */; };
		B2753FB01D4F42E4005E9EDA /* LaunchScreen.storyboard in Resources */ = {isa = PBXBuildFile; fileRef = B2753FAE1D4F42E4005E9EDA /* LaunchScreen.storyboard */; };
		B2753FBD1D4F4354005E9EDA /* ResumeView.swift in Sources */ = {isa = PBXBuildFile; fileRef = B2753FBB1D4F4354005E9EDA /* ResumeView.swift */; };
		B2753FBE1D4F4354005E9EDA /* ResumeView.xib in Resources */ = {isa = PBXBuildFile; fileRef = B2753FBC1D4F4354005E9EDA /* ResumeView.xib */; };
		B2753FC11D4F448A005E9EDA /* background.png in Resources */ = {isa = PBXBuildFile; fileRef = B2753FC01D4F448A005E9EDA /* background.png */; };
		B2753FC51D4F4496005E9EDA /* sea_background.jpg in Resources */ = {isa = PBXBuildFile; fileRef = B2753FC31D4F4496005E9EDA /* sea_background.jpg */; };
		B2753FC71D4F4D8E005E9EDA /* Mirandar-Kerr.png in Resources */ = {isa = PBXBuildFile; fileRef = B2753FC61D4F4D8E005E9EDA /* Mirandar-Kerr.png */; };
/* End PBXBuildFile section */

/* Begin PBXFileReference section */
		B20267DE1D4FC20B004182F1 /* TestVC.swift */ = {isa = PBXFileReference; fileEncoding = 4; lastKnownFileType = sourcecode.swift; path = TestVC.swift; sourceTree = "<group>"; };
		B20267DF1D4FC20B004182F1 /* TestVC.xib */ = {isa = PBXFileReference; fileEncoding = 4; lastKnownFileType = file.xib; path = TestVC.xib; sourceTree = "<group>"; };
		B2753FA21D4F42E4005E9EDA /* DemoResumeView.app */ = {isa = PBXFileReference; explicitFileType = wrapper.application; includeInIndex = 0; path = DemoResumeView.app; sourceTree = BUILT_PRODUCTS_DIR; };
		B2753FA51D4F42E4005E9EDA /* AppDelegate.swift */ = {isa = PBXFileReference; lastKnownFileType = sourcecode.swift; path = AppDelegate.swift; sourceTree = "<group>"; };
		B2753FAA1D4F42E4005E9EDA /* Base */ = {isa = PBXFileReference; lastKnownFileType = file.storyboard; name = Base; path = Base.lproj/Main.storyboard; sourceTree = "<group>"; };
		B2753FAC1D4F42E4005E9EDA /* Assets.xcassets */ = {isa = PBXFileReference; lastKnownFileType = folder.assetcatalog; path = Assets.xcassets; sourceTree = "<group>"; };
		B2753FAF1D4F42E4005E9EDA /* Base */ = {isa = PBXFileReference; lastKnownFileType = file.storyboard; name = Base; path = Base.lproj/LaunchScreen.storyboard; sourceTree = "<group>"; };
		B2753FB11D4F42E4005E9EDA /* Info.plist */ = {isa = PBXFileReference; lastKnownFileType = text.plist.xml; path = Info.plist; sourceTree = "<group>"; };
		B2753FBB1D4F4354005E9EDA /* ResumeView.swift */ = {isa = PBXFileReference; fileEncoding = 4; lastKnownFileType = sourcecode.swift; path = ResumeView.swift; sourceTree = "<group>"; };
		B2753FBC1D4F4354005E9EDA /* ResumeView.xib */ = {isa = PBXFileReference; fileEncoding = 4; lastKnownFileType = file.xib; path = ResumeView.xib; sourceTree = "<group>"; };
		B2753FC01D4F448A005E9EDA /* background.png */ = {isa = PBXFileReference; lastKnownFileType = image.png; path = background.png; sourceTree = "<group>"; };
		B2753FC31D4F4496005E9EDA /* sea_background.jpg */ = {isa = PBXFileReference; lastKnownFileType = image.jpeg; path = sea_background.jpg; sourceTree = "<group>"; };
		B2753FC61D4F4D8E005E9EDA /* Mirandar-Kerr.png */ = {isa = PBXFileReference; lastKnownFileType = image.png; path = "Mirandar-Kerr.png"; sourceTree = "<group>"; };
/* End PBXFileReference section */

/* Begin PBXFrameworksBuildPhase section */
		B2753F9F1D4F42E4005E9EDA /* Frameworks */ = {
			isa = PBXFrameworksBuildPhase;
			buildActionMask = 2147483647;
			files = (
			);
			runOnlyForDeploymentPostprocessing = 0;
		};
/* End PBXFrameworksBuildPhase section */

/* Begin PBXGroup section */
		B20267DC1D4FC1C9004182F1 /* ResumeView */ = {
			isa = PBXGroup;
			children = (
				B2753FBB1D4F4354005E9EDA /* ResumeView.swift */,
				B2753FBC1D4F4354005E9EDA /* ResumeView.xib */,
			);
			name = ResumeView;
			sourceTree = "<group>";
		};
		B20267DD1D4FC1DD004182F1 /* ViewController */ = {
			isa = PBXGroup;
			children = (
				B20267DE1D4FC20B004182F1 /* TestVC.swift */,
				B20267DF1D4FC20B004182F1 /* TestVC.xib */,
			);
			name = ViewController;
			sourceTree = "<group>";
		};
		B2753F991D4F42E4005E9EDA = {
			isa = PBXGroup;
			children = (
				B2753FA41D4F42E4005E9EDA /* DemoResumeView */,
				B2753FA31D4F42E4005E9EDA /* Products */,
			);
			sourceTree = "<group>";
		};
		B2753FA31D4F42E4005E9EDA /* Products */ = {
			isa = PBXGroup;
			children = (
				B2753FA21D4F42E4005E9EDA /* DemoResumeView.app */,
			);
			name = Products;
			sourceTree = "<group>";
		};
		B2753FA41D4F42E4005E9EDA /* DemoResumeView */ = {
			isa = PBXGroup;
			children = (
				B2753FA51D4F42E4005E9EDA /* AppDelegate.swift */,
				B20267DD1D4FC1DD004182F1 /* ViewController */,
				B20267DC1D4FC1C9004182F1 /* ResumeView */,
				B2753FC81D4F57E4005E9EDA /* Supporting Files */,
			);
			path = DemoResumeView;
			sourceTree = "<group>";
		};
		B2753FBF1D4F4474005E9EDA /* Resource */ = {
			isa = PBXGroup;
			children = (
				B2753FC61D4F4D8E005E9EDA /* Mirandar-Kerr.png */,
				B2753FC31D4F4496005E9EDA /* sea_background.jpg */,
				B2753FC01D4F448A005E9EDA /* background.png */,
			);
			name = Resource;
			sourceTree = "<group>";
		};
		B2753FC81D4F57E4005E9EDA /* Supporting Files */ = {
			isa = PBXGroup;
			children = (
				B2753FA91D4F42E4005E9EDA /* Main.storyboard */,
				B2753FAC1D4F42E4005E9EDA /* Assets.xcassets */,
				B2753FBF1D4F4474005E9EDA /* Resource */,
				B2753FAE1D4F42E4005E9EDA /* LaunchScreen.storyboard */,
				B2753FB11D4F42E4005E9EDA /* Info.plist */,
			);
			name = "Supporting Files";
			sourceTree = "<group>";
		};
/* End PBXGroup section */

/* Begin PBXNativeTarget section */
		B2753FA11D4F42E4005E9EDA /* DemoResumeView */ = {
			isa = PBXNativeTarget;
			buildConfigurationList = B2753FB41D4F42E4005E9EDA /* Build configuration list for PBXNativeTarget "DemoResumeView" */;
			buildPhases = (
				B2753F9E1D4F42E4005E9EDA /* Sources */,
				B2753F9F1D4F42E4005E9EDA /* Frameworks */,
				B2753FA01D4F42E4005E9EDA /* Resources */,
			);
			buildRules = (
			);
			dependencies = (
			);
			name = DemoResumeView;
			productName = DemoResumeView;
			productReference = B2753FA21D4F42E4005E9EDA /* DemoResumeView.app */;
			productType = "com.apple.product-type.application";
		};
/* End PBXNativeTarget section */

/* Begin PBXProject section */
		B2753F9A1D4F42E4005E9EDA /* Project object */ = {
			isa = PBXProject;
			attributes = {
				LastSwiftUpdateCheck = 0730;
				LastUpgradeCheck = 0730;
				ORGANIZATIONNAME = TBLStudio;
				TargetAttributes = {
					B2753FA11D4F42E4005E9EDA = {
						CreatedOnToolsVersion = 7.3;
					};
				};
			};
			buildConfigurationList = B2753F9D1D4F42E4005E9EDA /* Build configuration list for PBXProject "DemoResumeView" */;
			compatibilityVersion = "Xcode 3.2";
			developmentRegion = English;
			hasScannedForEncodings = 0;
			knownRegions = (
				en,
				Base,
			);
			mainGroup = B2753F991D4F42E4005E9EDA;
			productRefGroup = B2753FA31D4F42E4005E9EDA /* Products */;
			projectDirPath = "";
			projectRoot = "";
			targets = (
				B2753FA11D4F42E4005E9EDA /* DemoResumeView */,
			);
		};
/* End PBXProject section */

/* Begin PBXResourcesBuildPhase section */
		B2753FA01D4F42E4005E9EDA /* Resources */ = {
			isa = PBXResourcesBuildPhase;
			buildActionMask = 2147483647;
			files = (
				B2753FC71D4F4D8E005E9EDA /* Mirandar-Kerr.png in Resources */,
				B2753FB01D4F42E4005E9EDA /* LaunchScreen.storyboard in Resources */,
				B2753FC11D4F448A005E9EDA /* background.png in Resources */,
				B2753FC51D4F4496005E9EDA /* sea_background.jpg in Resources */,
				B20267E11D4FC20B004182F1 /* TestVC.xib in Resources */,
				B2753FAD1D4F42E4005E9EDA /* Assets.xcassets in Resources */,
				B2753FAB1D4F42E4005E9EDA /* Main.storyboard in Resources */,
				B2753FBE1D4F4354005E9EDA /* ResumeView.xib in Resources */,
			);
			runOnlyForDeploymentPostprocessing = 0;
		};
/* End PBXResourcesBuildPhase section */

/* Begin PBXSourcesBuildPhase section */
		B2753F9E1D4F42E4005E9EDA /* Sources */ = {
			isa = PBXSourcesBuildPhase;
			buildActionMask = 2147483647;
			files = (
				B2753FA61D4F42E4005E9EDA /* AppDelegate.swift in Sources */,
				B20267E01D4FC20B004182F1 /* TestVC.swift in Sources */,
				B2753FBD1D4F4354005E9EDA /* ResumeView.swift in Sources */,
			);
			runOnlyForDeploymentPostprocessing = 0;
		};
/* End PBXSourcesBuildPhase section */

/* Begin PBXVariantGroup section */
		B2753FA91D4F42E4005E9EDA /* Main.storyboard */ = {
			isa = PBXVariantGroup;
			children = (
				B2753FAA1D4F42E4005E9EDA /* Base */,
			);
			name = Main.storyboard;
			sourceTree = "<group>";
		};
		B2753FAE1D4F42E4005E9EDA /* LaunchScreen.storyboard */ = {
			isa = PBXVariantGroup;
			children = (
				B2753FAF1D4F42E4005E9EDA /* Base */,
			);
			name = LaunchScreen.storyboard;
			sourceTree = "<group>";
		};
/* End PBXVariantGroup section */

/* Begin XCBuildConfiguration section */
		B2753FB21D4F42E4005E9EDA /* Debug */ = {
			isa = XCBuildConfiguration;
			buildSettings = {
				ALWAYS_SEARCH_USER_PATHS = NO;
				CLANG_ANALYZER_NONNULL = YES;
				CLANG_CXX_LANGUAGE_STANDARD = "gnu++0x";
				CLANG_CXX_LIBRARY = "libc++";
				CLANG_ENABLE_MODULES = YES;
				CLANG_ENABLE_OBJC_ARC = YES;
				CLANG_WARN_BOOL_CONVERSION = YES;
				CLANG_WARN_CONSTANT_CONVERSION = YES;
				CLANG_WARN_DIRECT_OBJC_ISA_USAGE = YES_ERROR;
				CLANG_WARN_EMPTY_BODY = YES;
				CLANG_WARN_ENUM_CONVERSION = YES;
				CLANG_WARN_INT_CONVERSION = YES;
				CLANG_WARN_OBJC_ROOT_CLASS = YES_ERROR;
				CLANG_WARN_UNREACHABLE_CODE = YES;
				CLANG_WARN__DUPLICATE_METHOD_MATCH = YES;
				"CODE_SIGN_IDENTITY[sdk=iphoneos*]" = "iPhone Developer";
				COPY_PHASE_STRIP = NO;
				DEBUG_INFORMATION_FORMAT = dwarf;
				ENABLE_STRICT_OBJC_MSGSEND = YES;
				ENABLE_TESTABILITY = YES;
				GCC_C_LANGUAGE_STANDARD = gnu99;
				GCC_DYNAMIC_NO_PIC = NO;
				GCC_NO_COMMON_BLOCKS = YES;
				GCC_OPTIMIZATION_LEVEL = 0;
				GCC_PREPROCESSOR_DEFINITIONS = (
					"DEBUG=1",
					"$(inherited)",
				);
				GCC_WARN_64_TO_32_BIT_CONVERSION = YES;
				GCC_WARN_ABOUT_RETURN_TYPE = YES_ERROR;
				GCC_WARN_UNDECLARED_SELECTOR = YES;
				GCC_WARN_UNINITIALIZED_AUTOS = YES_AGGRESSIVE;
				GCC_WARN_UNUSED_FUNCTION = YES;
				GCC_WARN_UNUSED_VARIABLE = YES;
				IPHONEOS_DEPLOYMENT_TARGET = 9.3;
				MTL_ENABLE_DEBUG_INFO = YES;
				ONLY_ACTIVE_ARCH = YES;
				SDKROOT = iphoneos;
				SWIFT_OPTIMIZATION_LEVEL = "-Onone";
			};
			name = Debug;
		};
		B2753FB31D4F42E4005E9EDA /* Release */ = {
			isa = XCBuildConfiguration;
			buildSettings = {
				ALWAYS_SEARCH_USER_PATHS = NO;
				CLANG_ANALYZER_NONNULL = YES;
				CLANG_CXX_LANGUAGE_STANDARD = "gnu++0x";
				CLANG_CXX_LIBRARY = "libc++";
				CLANG_ENABLE_MODULES = YES;
				CLANG_ENABLE_OBJC_ARC = YES;
				CLANG_WARN_BOOL_CONVERSION = YES;
				CLANG_WARN_CONSTANT_CONVERSION = YES;
				CLANG_WARN_DIRECT_OBJC_ISA_USAGE = YES_ERROR;
				CLANG_WARN_EMPTY_BODY = YES;
				CLANG_WARN_ENUM_CONVERSION = YES;
				CLANG_WARN_INT_CONVERSION = YES;
				CLANG_WARN_OBJC_ROOT_CLASS = YES_ERROR;
				CLANG_WARN_UNREACHABLE_CODE = YES;
				CLANG_WARN__DUPLICATE_METHOD_MATCH = YES;
				"CODE_SIGN_IDENTITY[sdk=iphoneos*]" = "iPhone Developer";
				COPY_PHASE_STRIP = NO;
				DEBUG_INFORMATION_FORMAT = "dwarf-with-dsym";
				ENABLE_NS_ASSERTIONS = NO;
				ENABLE_STRICT_OBJC_MSGSEND = YES;
				GCC_C_LANGUAGE_STANDARD = gnu99;
				GCC_NO_COMMON_BLOCKS = YES;
				GCC_WARN_64_TO_32_BIT_CONVERSION = YES;
				GCC_WARN_ABOUT_RETURN_TYPE = YES_ERROR;
				GCC_WARN_UNDECLARED_SELECTOR = YES;
				GCC_WARN_UNINITIALIZED_AUTOS = YES_AGGRESSIVE;
				GCC_WARN_UNUSED_FUNCTION = YES;
				GCC_WARN_UNUSED_VARIABLE = YES;
				IPHONEOS_DEPLOYMENT_TARGET = 9.3;
				MTL_ENABLE_DEBUG_INFO = NO;
				SDKROOT = iphoneos;
				VALIDATE_PRODUCT = YES;
			};
			name = Release;
		};
		B2753FB51D4F42E4005E9EDA /* Debug */ = {
			isa = XCBuildConfiguration;
			buildSettings = {
				ASSETCATALOG_COMPILER_APPICON_NAME = AppIcon;
				INFOPLIST_FILE = DemoResumeView/Info.plist;
				LD_RUNPATH_SEARCH_PATHS = "$(inherited) @executable_path/Frameworks";
				PRODUCT_BUNDLE_IDENTIFIER = TBLStudio.DemoResumeView;
				PRODUCT_NAME = "$(TARGET_NAME)";
			};
			name = Debug;
		};
		B2753FB61D4F42E4005E9EDA /* Release */ = {
			isa = XCBuildConfiguration;
			buildSettings = {
				ASSETCATALOG_COMPILER_APPICON_NAME = AppIcon;
				INFOPLIST_FILE = DemoResumeView/Info.plist;
				LD_RUNPATH_SEARCH_PATHS = "$(inherited) @executable_path/Frameworks";
				PRODUCT_BUNDLE_IDENTIFIER = TBLStudio.DemoResumeView;
				PRODUCT_NAME = "$(TARGET_NAME)";
			};
			name = Release;
		};
/* End XCBuildConfiguration section */

/* Begin XCConfigurationList section */
		B2753F9D1D4F42E4005E9EDA /* Build configuration list for PBXProject "DemoResumeView" */ = {
			isa = XCConfigurationList;
			buildConfigurations = (
				B2753FB21D4F42E4005E9EDA /* Debug */,
				B2753FB31D4F42E4005E9EDA /* Release */,
			);
			defaultConfigurationIsVisible = 0;
			defaultConfigurationName = Release;
		};
		B2753FB41D4F42E4005E9EDA /* Build configuration list for PBXNativeTarget "DemoResumeView" */ = {
			isa = XCConfigurationList;
			buildConfigurations = (
				B2753FB51D4F42E4005E9EDA /* Debug */,
				B2753FB61D4F42E4005E9EDA /* Release */,
			);
			defaultConfigurationIsVisible = 0;
			defaultConfigurationName = Release;
		};
/* End XCConfigurationList section */
	};
	rootObject = B2753F9A1D4F42E4005E9EDA /* Project object */;
}
